
Microsoft Visual Studio Solution File, Format Version 12.00
# Visual Studio 15
VisualStudioVersion = 15.0.27428.2015
MinimumVisualStudioVersion = 10.0.40219.1
Project("{FAE04EC0-301F-11D3-BF4B-00C04F79EFBC}") = "MyEncodingTools", "MyEncodingTools\MyEncodingTools.csproj", "{174E7EFD-F303-4ED7-8A70-4D6821C085D1}"
EndProject
Project("{FAE04EC0-301F-11D3-BF4B-00C04F79EFBC}") = "MyEncodingToolsTests", "MyEncodingToolsTests\MyEncodingToolsTests.csproj", "{7C3827B9-BB17-4BA7-8667-089EBB08E407}"
EndProject
Global
	GlobalSection(SolutionConfigurationPlatforms) = preSolution
		Debug|Any CPU = Debug|Any CPU
		Release|Any CPU = Release|Any CPU
	EndGlobalSection
	GlobalSection(ProjectConfigurationPlatforms) = postSolution
		{174E7EFD-F303-4ED7-8A70-4D6821C085D1}.Debug|Any CPU.ActiveCfg = Debug|Any CPU
		{174E7EFD-F303-4ED7-8A70-4D6821C085D1}.Debug|Any CPU.Build.0 = Debug|Any CPU
		{174E7EFD-F303-4ED7-8A70-4D6821C085D1}.Release|Any CPU.ActiveCfg = Release|Any CPU
		{174E7EFD-F303-4ED7-8A70-4D6821C085D1}.Release|Any CPU.Build.0 = Release|Any CPU
		{7C3827B9-BB17-4BA7-8667-089EBB08E407}.Debug|Any CPU.ActiveCfg = Debug|Any CPU
		{7C3827B9-BB17-4BA7-8667-089EBB08E407}.Debug|Any CPU.Build.0 = Debug|Any CPU
		{7C3827B9-BB17-4BA7-8667-089EBB08E407}.Release|Any CPU.ActiveCfg = Release|Any CPU
		{7C3827B9-BB17-4BA7-8667-089EBB08E407}.Release|Any CPU.Build.0 = Release|Any CPU
	EndGlobalSection
	GlobalSection(SolutionProperties) = preSolution
		HideSolutionNode = FALSE
	EndGlobalSection
	GlobalSection(ExtensibilityGlobals) = postSolution
		SolutionGuid = {4E88C705-04C8-4B65-BC25-7D21271A57E0}
	EndGlobalSection
EndGlobal
